
Microsoft Visual Studio Solution File, Format Version 12.00
# Visual Studio Version 16
VisualStudioVersion = 16.0.34301.259
MinimumVisualStudioVersion = 10.0.40219.1
Project("{FAE04EC0-301F-11D3-BF4B-00C04F79EFBC}") = "SortCards", "SortCards\SortCards.csproj", "{7682D12D-FB7D-4AFF-9703-064989338450}"
EndProject
Global
	GlobalSection(SolutionConfigurationPlatforms) = preSolution
		Debug|Any CPU = Debug|Any CPU
		Release|Any CPU = Release|Any CPU
	EndGlobalSection
	GlobalSection(ProjectConfigurationPlatforms) = postSolution
		{7682D12D-FB7D-4AFF-9703-064989338450}.Debug|Any CPU.ActiveCfg = Debug|Any CPU
		{7682D12D-FB7D-4AFF-9703-064989338450}.Debug|Any CPU.Build.0 = Debug|Any CPU
		{7682D12D-FB7D-4AFF-9703-064989338450}.Release|Any CPU.ActiveCfg = Release|Any CPU
		{7682D12D-FB7D-4AFF-9703-064989338450}.Release|Any CPU.Build.0 = Release|Any CPU
	EndGlobalSection
	GlobalSection(SolutionProperties) = preSolution
		HideSolutionNode = FALSE
	EndGlobalSection
	GlobalSection(ExtensibilityGlobals) = postSolution
		SolutionGuid = {F1DC9AF2-B970-47EE-83D9-89FA3A3E3E91}
	EndGlobalSection
EndGlobal
